// !$*UTF8*$!
{
	archiveVersion = 1;
	classes = {
	};
	objectVersion = 56;
	objects = {

/* Begin PBXBuildFile section */
		213A46632BF389C8008CAE19 /* GraphQLAppApp.swift in Sources */ = {isa = PBXBuildFile; fileRef = 213A46622BF389C8008CAE19 /* GraphQLAppApp.swift */; };
		213A46652BF389C8008CAE19 /* NewsListView.swift in Sources */ = {isa = PBXBuildFile; fileRef = 213A46642BF389C8008CAE19 /* NewsListView.swift */; };
		213A46672BF389CA008CAE19 /* Assets.xcassets in Resources */ = {isa = PBXBuildFile; fileRef = 213A46662BF389CA008CAE19 /* Assets.xcassets */; };
		213A466A2BF389CA008CAE19 /* Preview Assets.xcassets in Resources */ = {isa = PBXBuildFile; fileRef = 213A46692BF389CA008CAE19 /* Preview Assets.xcassets */; };
		213A46722BF38AAF008CAE19 /* Apollo in Frameworks */ = {isa = PBXBuildFile; productRef = 213A46712BF38AAF008CAE19 /* Apollo */; };
		213A46742BF38B16008CAE19 /* NewsListModel.swift in Sources */ = {isa = PBXBuildFile; fileRef = 213A46732BF38B16008CAE19 /* NewsListModel.swift */; };
		213A46762BF38B63008CAE19 /* String+Date.swift in Sources */ = {isa = PBXBuildFile; fileRef = 213A46752BF38B63008CAE19 /* String+Date.swift */; };
		213A46782BF38BE9008CAE19 /* NewsItem.swift in Sources */ = {isa = PBXBuildFile; fileRef = 213A46772BF38BE9008CAE19 /* NewsItem.swift */; };
		213A467D2BF38EA0008CAE19 /* NewsItemView.swift in Sources */ = {isa = PBXBuildFile; fileRef = 213A467C2BF38EA0008CAE19 /* NewsItemView.swift */; };
		213A467F2BF38EE5008CAE19 /* NewsItemRow.swift in Sources */ = {isa = PBXBuildFile; fileRef = 213A467E2BF38EE5008CAE19 /* NewsItemRow.swift */; };
/* End PBXBuildFile section */

/* Begin PBXFileReference section */
		213A465F2BF389C8008CAE19 /* GraphQLApp.app */ = {isa = PBXFileReference; explicitFileType = wrapper.application; includeInIndex = 0; path = GraphQLApp.app; sourceTree = BUILT_PRODUCTS_DIR; };
		213A46622BF389C8008CAE19 /* GraphQLAppApp.swift */ = {isa = PBXFileReference; lastKnownFileType = sourcecode.swift; path = GraphQLAppApp.swift; sourceTree = "<group>"; };
		213A46642BF389C8008CAE19 /* NewsListView.swift */ = {isa = PBXFileReference; lastKnownFileType = sourcecode.swift; path = NewsListView.swift; sourceTree = "<group>"; };
		213A46662BF389CA008CAE19 /* Assets.xcassets */ = {isa = PBXFileReference; lastKnownFileType = folder.assetcatalog; path = Assets.xcassets; sourceTree = "<group>"; };
		213A46692BF389CA008CAE19 /* Preview Assets.xcassets */ = {isa = PBXFileReference; lastKnownFileType = folder.assetcatalog; path = "Preview Assets.xcassets"; sourceTree = "<group>"; };
		213A46732BF38B16008CAE19 /* NewsListModel.swift */ = {isa = PBXFileReference; lastKnownFileType = sourcecode.swift; path = NewsListModel.swift; sourceTree = "<group>"; };
		213A46752BF38B63008CAE19 /* String+Date.swift */ = {isa = PBXFileReference; lastKnownFileType = sourcecode.swift; path = "String+Date.swift"; sourceTree = "<group>"; };
		213A46772BF38BE9008CAE19 /* NewsItem.swift */ = {isa = PBXFileReference; lastKnownFileType = sourcecode.swift; path = NewsItem.swift; sourceTree = "<group>"; };
		213A467C2BF38EA0008CAE19 /* NewsItemView.swift */ = {isa = PBXFileReference; lastKnownFileType = sourcecode.swift; path = NewsItemView.swift; sourceTree = "<group>"; };
		213A467E2BF38EE5008CAE19 /* NewsItemRow.swift */ = {isa = PBXFileReference; lastKnownFileType = sourcecode.swift; path = NewsItemRow.swift; sourceTree = "<group>"; };
/* End PBXFileReference section */

/* Begin PBXFrameworksBuildPhase section */
		213A465C2BF389C8008CAE19 /* Frameworks */ = {
			isa = PBXFrameworksBuildPhase;
			buildActionMask = 2147483647;
			files = (
				213A46722BF38AAF008CAE19 /* Apollo in Frameworks */,
			);
			runOnlyForDeploymentPostprocessing = 0;
		};
/* End PBXFrameworksBuildPhase section */

/* Begin PBXGroup section */
		213A46562BF389C8008CAE19 = {
			isa = PBXGroup;
			children = (
				213A46612BF389C8008CAE19 /* GraphQLApp */,
				213A46602BF389C8008CAE19 /* Products */,
			);
			sourceTree = "<group>";
		};
		213A46602BF389C8008CAE19 /* Products */ = {
			isa = PBXGroup;
			children = (
				213A465F2BF389C8008CAE19 /* GraphQLApp.app */,
			);
			name = Products;
			sourceTree = "<group>";
		};
		213A46612BF389C8008CAE19 /* GraphQLApp */ = {
			isa = PBXGroup;
			children = (
				213A46622BF389C8008CAE19 /* GraphQLAppApp.swift */,
				213A46792BF38E26008CAE19 /* View */,
				213A467A2BF38E31008CAE19 /* Model */,
				213A46662BF389CA008CAE19 /* Assets.xcassets */,
				213A46682BF389CA008CAE19 /* Preview Content */,
				213A467B2BF38E3C008CAE19 /* SupportFiles */,
			);
			path = GraphQLApp;
			sourceTree = "<group>";
		};
		213A46682BF389CA008CAE19 /* Preview Content */ = {
			isa = PBXGroup;
			children = (
				213A46692BF389CA008CAE19 /* Preview Assets.xcassets */,
			);
			path = "Preview Content";
			sourceTree = "<group>";
		};
		213A46792BF38E26008CAE19 /* View */ = {
			isa = PBXGroup;
			children = (
				213A46642BF389C8008CAE19 /* NewsListView.swift */,
				213A467C2BF38EA0008CAE19 /* NewsItemView.swift */,
				213A467E2BF38EE5008CAE19 /* NewsItemRow.swift */,
			);
			path = View;
			sourceTree = "<group>";
		};
		213A467A2BF38E31008CAE19 /* Model */ = {
			isa = PBXGroup;
			children = (
				213A46732BF38B16008CAE19 /* NewsListModel.swift */,
				213A46772BF38BE9008CAE19 /* NewsItem.swift */,
			);
			path = Model;
			sourceTree = "<group>";
		};
		213A467B2BF38E3C008CAE19 /* SupportFiles */ = {
			isa = PBXGroup;
			children = (
				213A46752BF38B63008CAE19 /* String+Date.swift */,
			);
			path = SupportFiles;
			sourceTree = "<group>";
		};
/* End PBXGroup section */

/* Begin PBXNativeTarget section */
		213A465E2BF389C8008CAE19 /* GraphQLApp */ = {
			isa = PBXNativeTarget;
			buildConfigurationList = 213A466D2BF389CA008CAE19 /* Build configuration list for PBXNativeTarget "GraphQLApp" */;
			buildPhases = (
				213A465B2BF389C8008CAE19 /* Sources */,
				213A465C2BF389C8008CAE19 /* Frameworks */,
				213A465D2BF389C8008CAE19 /* Resources */,
			);
			buildRules = (
			);
			dependencies = (
			);
			name = GraphQLApp;
			packageProductDependencies = (
				213A46712BF38AAF008CAE19 /* Apollo */,
			);
			productName = GraphQLApp;
			productReference = 213A465F2BF389C8008CAE19 /* GraphQLApp.app */;
			productType = "com.apple.product-type.application";
		};
/* End PBXNativeTarget section */

/* Begin PBXProject section */
		213A46572BF389C8008CAE19 /* Project object */ = {
			isa = PBXProject;
			attributes = {
				BuildIndependentTargetsInParallel = 1;
				LastSwiftUpdateCheck = 1530;
				LastUpgradeCheck = 1530;
				TargetAttributes = {
					213A465E2BF389C8008CAE19 = {
						CreatedOnToolsVersion = 15.3;
					};
				};
			};
			buildConfigurationList = 213A465A2BF389C8008CAE19 /* Build configuration list for PBXProject "GraphQLApp" */;
			compatibilityVersion = "Xcode 14.0";
			developmentRegion = en;
			hasScannedForEncodings = 0;
			knownRegions = (
				en,
				Base,
			);
			mainGroup = 213A46562BF389C8008CAE19;
			packageReferences = (
				213A46702BF38AAF008CAE19 /* XCRemoteSwiftPackageReference "apollo-ios" */,
			);
			productRefGroup = 213A46602BF389C8008CAE19 /* Products */;
			projectDirPath = "";
			projectRoot = "";
			targets = (
				213A465E2BF389C8008CAE19 /* GraphQLApp */,
			);
		};
/* End PBXProject section */

/* Begin PBXResourcesBuildPhase section */
		213A465D2BF389C8008CAE19 /* Resources */ = {
			isa = PBXResourcesBuildPhase;
			buildActionMask = 2147483647;
			files = (
				213A466A2BF389CA008CAE19 /* Preview Assets.xcassets in Resources */,
				213A46672BF389CA008CAE19 /* Assets.xcassets in Resources */,
			);
			runOnlyForDeploymentPostprocessing = 0;
		};
/* End PBXResourcesBuildPhase section */

/* Begin PBXSourcesBuildPhase section */
		213A465B2BF389C8008CAE19 /* Sources */ = {
			isa = PBXSourcesBuildPhase;
			buildActionMask = 2147483647;
			files = (
				213A46762BF38B63008CAE19 /* String+Date.swift in Sources */,
				213A467F2BF38EE5008CAE19 /* NewsItemRow.swift in Sources */,
				213A46782BF38BE9008CAE19 /* NewsItem.swift in Sources */,
				213A467D2BF38EA0008CAE19 /* NewsItemView.swift in Sources */,
				213A46742BF38B16008CAE19 /* NewsListModel.swift in Sources */,
				213A46652BF389C8008CAE19 /* NewsListView.swift in Sources */,
				213A46632BF389C8008CAE19 /* GraphQLAppApp.swift in Sources */,
			);
			runOnlyForDeploymentPostprocessing = 0;
		};
/* End PBXSourcesBuildPhase section */

/* Begin XCBuildConfiguration section */
		213A466B2BF389CA008CAE19 /* Debug */ = {
			isa = XCBuildConfiguration;
			buildSettings = {
				ALWAYS_SEARCH_USER_PATHS = NO;
				ASSETCATALOG_COMPILER_GENERATE_SWIFT_ASSET_SYMBOL_EXTENSIONS = YES;
				CLANG_ANALYZER_NONNULL = YES;
				CLANG_ANALYZER_NUMBER_OBJECT_CONVERSION = YES_AGGRESSIVE;
				CLANG_CXX_LANGUAGE_STANDARD = "gnu++20";
				CLANG_ENABLE_MODULES = YES;
				CLANG_ENABLE_OBJC_ARC = YES;
				CLANG_ENABLE_OBJC_WEAK = YES;
				CLANG_WARN_BLOCK_CAPTURE_AUTORELEASING = YES;
				CLANG_WARN_BOOL_CONVERSION = YES;
				CLANG_WARN_COMMA = YES;
				CLANG_WARN_CONSTANT_CONVERSION = YES;
				CLANG_WARN_DEPRECATED_OBJC_IMPLEMENTATIONS = YES;
				CLANG_WARN_DIRECT_OBJC_ISA_USAGE = YES_ERROR;
				CLANG_WARN_DOCUMENTATION_COMMENTS = YES;
				CLANG_WARN_EMPTY_BODY = YES;
				CLANG_WARN_ENUM_CONVERSION = YES;
				CLANG_WARN_INFINITE_RECURSION = YES;
				CLANG_WARN_INT_CONVERSION = YES;
				CLANG_WARN_NON_LITERAL_NULL_CONVERSION = YES;
				CLANG_WARN_OBJC_IMPLICIT_RETAIN_SELF = YES;
				CLANG_WARN_OBJC_LITERAL_CONVERSION = YES;
				CLANG_WARN_OBJC_ROOT_CLASS = YES_ERROR;
				CLANG_WARN_QUOTED_INCLUDE_IN_FRAMEWORK_HEADER = YES;
				CLANG_WARN_RANGE_LOOP_ANALYSIS = YES;
				CLANG_WARN_STRICT_PROTOTYPES = YES;
				CLANG_WARN_SUSPICIOUS_MOVE = YES;
				CLANG_WARN_UNGUARDED_AVAILABILITY = YES_AGGRESSIVE;
				CLANG_WARN_UNREACHABLE_CODE = YES;
				CLANG_WARN__DUPLICATE_METHOD_MATCH = YES;
				COPY_PHASE_STRIP = NO;
				DEBUG_INFORMATION_FORMAT = dwarf;
				ENABLE_STRICT_OBJC_MSGSEND = YES;
				ENABLE_TESTABILITY = YES;
				ENABLE_USER_SCRIPT_SANDBOXING = YES;
				GCC_C_LANGUAGE_STANDARD = gnu17;
				GCC_DYNAMIC_NO_PIC = NO;
				GCC_NO_COMMON_BLOCKS = YES;
				GCC_OPTIMIZATION_LEVEL = 0;
				GCC_PREPROCESSOR_DEFINITIONS = (
					"DEBUG=1",
					"$(inherited)",
				);
				GCC_WARN_64_TO_32_BIT_CONVERSION = YES;
				GCC_WARN_ABOUT_RETURN_TYPE = YES_ERROR;
				GCC_WARN_UNDECLARED_SELECTOR = YES;
				GCC_WARN_UNINITIALIZED_AUTOS = YES_AGGRESSIVE;
				GCC_WARN_UNUSED_FUNCTION = YES;
				GCC_WARN_UNUSED_VARIABLE = YES;
				IPHONEOS_DEPLOYMENT_TARGET = 17.4;
				LOCALIZATION_PREFERS_STRING_CATALOGS = YES;
				MTL_ENABLE_DEBUG_INFO = INCLUDE_SOURCE;
				MTL_FAST_MATH = YES;
				ONLY_ACTIVE_ARCH = YES;
				SDKROOT = iphoneos;
				SWIFT_ACTIVE_COMPILATION_CONDITIONS = "DEBUG $(inherited)";
				SWIFT_OPTIMIZATION_LEVEL = "-Onone";
			};
			name = Debug;
		};
		213A466C2BF389CA008CAE19 /* Release */ = {
			isa = XCBuildConfiguration;
			buildSettings = {
				ALWAYS_SEARCH_USER_PATHS = NO;
				ASSETCATALOG_COMPILER_GENERATE_SWIFT_ASSET_SYMBOL_EXTENSIONS = YES;
				CLANG_ANALYZER_NONNULL = YES;
				CLANG_ANALYZER_NUMBER_OBJECT_CONVERSION = YES_AGGRESSIVE;
				CLANG_CXX_LANGUAGE_STANDARD = "gnu++20";
				CLANG_ENABLE_MODULES = YES;
				CLANG_ENABLE_OBJC_ARC = YES;
				CLANG_ENABLE_OBJC_WEAK = YES;
				CLANG_WARN_BLOCK_CAPTURE_AUTORELEASING = YES;
				CLANG_WARN_BOOL_CONVERSION = YES;
				CLANG_WARN_COMMA = YES;
				CLANG_WARN_CONSTANT_CONVERSION = YES;
				CLANG_WARN_DEPRECATED_OBJC_IMPLEMENTATIONS = YES;
				CLANG_WARN_DIRECT_OBJC_ISA_USAGE = YES_ERROR;
				CLANG_WARN_DOCUMENTATION_COMMENTS = YES;
				CLANG_WARN_EMPTY_BODY = YES;
				CLANG_WARN_ENUM_CONVERSION = YES;
				CLANG_WARN_INFINITE_RECURSION = YES;
				CLANG_WARN_INT_CONVERSION = YES;
				CLANG_WARN_NON_LITERAL_NULL_CONVERSION = YES;
				CLANG_WARN_OBJC_IMPLICIT_RETAIN_SELF = YES;
				CLANG_WARN_OBJC_LITERAL_CONVERSION = YES;
				CLANG_WARN_OBJC_ROOT_CLASS = YES_ERROR;
				CLANG_WARN_QUOTED_INCLUDE_IN_FRAMEWORK_HEADER = YES;
				CLANG_WARN_RANGE_LOOP_ANALYSIS = YES;
				CLANG_WARN_STRICT_PROTOTYPES = YES;
				CLANG_WARN_SUSPICIOUS_MOVE = YES;
				CLANG_WARN_UNGUARDED_AVAILABILITY = YES_AGGRESSIVE;
				CLANG_WARN_UNREACHABLE_CODE = YES;
				CLANG_WARN__DUPLICATE_METHOD_MATCH = YES;
				COPY_PHASE_STRIP = NO;
				DEBUG_INFORMATION_FORMAT = "dwarf-with-dsym";
				ENABLE_NS_ASSERTIONS = NO;
				ENABLE_STRICT_OBJC_MSGSEND = YES;
				ENABLE_USER_SCRIPT_SANDBOXING = YES;
				GCC_C_LANGUAGE_STANDARD = gnu17;
				GCC_NO_COMMON_BLOCKS = YES;
				GCC_WARN_64_TO_32_BIT_CONVERSION = YES;
				GCC_WARN_ABOUT_RETURN_TYPE = YES_ERROR;
				GCC_WARN_UNDECLARED_SELECTOR = YES;
				GCC_WARN_UNINITIALIZED_AUTOS = YES_AGGRESSIVE;
				GCC_WARN_UNUSED_FUNCTION = YES;
				GCC_WARN_UNUSED_VARIABLE = YES;
				IPHONEOS_DEPLOYMENT_TARGET = 17.4;
				LOCALIZATION_PREFERS_STRING_CATALOGS = YES;
				MTL_ENABLE_DEBUG_INFO = NO;
				MTL_FAST_MATH = YES;
				SDKROOT = iphoneos;
				SWIFT_COMPILATION_MODE = wholemodule;
				VALIDATE_PRODUCT = YES;
			};
			name = Release;
		};
		213A466E2BF389CA008CAE19 /* Debug */ = {
			isa = XCBuildConfiguration;
			buildSettings = {
				ASSETCATALOG_COMPILER_APPICON_NAME = AppIcon;
				ASSETCATALOG_COMPILER_GLOBAL_ACCENT_COLOR_NAME = AccentColor;
				CODE_SIGN_STYLE = Automatic;
				CURRENT_PROJECT_VERSION = 1;
				DEVELOPMENT_ASSET_PATHS = "\"GraphQLApp/Preview Content\"";
				DEVELOPMENT_TEAM = 4524FJSV52;
				ENABLE_PREVIEWS = YES;
				GENERATE_INFOPLIST_FILE = YES;
				INFOPLIST_KEY_UIApplicationSceneManifest_Generation = YES;
				INFOPLIST_KEY_UIApplicationSupportsIndirectInputEvents = YES;
				INFOPLIST_KEY_UILaunchScreen_Generation = YES;
				INFOPLIST_KEY_UISupportedInterfaceOrientations_iPad = "UIInterfaceOrientationPortrait UIInterfaceOrientationPortraitUpsideDown UIInterfaceOrientationLandscapeLeft UIInterfaceOrientationLandscapeRight";
				INFOPLIST_KEY_UISupportedInterfaceOrientations_iPhone = "UIInterfaceOrientationPortrait UIInterfaceOrientationLandscapeLeft UIInterfaceOrientationLandscapeRight";
				IPHONEOS_DEPLOYMENT_TARGET = 17.0;
				LD_RUNPATH_SEARCH_PATHS = (
					"$(inherited)",
					"@executable_path/Frameworks",
				);
				MARKETING_VERSION = 1.0;
				PRODUCT_BUNDLE_IDENTIFIER = ru.pashkov.GraphQLApp;
				PRODUCT_NAME = "$(TARGET_NAME)";
				SUPPORTED_PLATFORMS = "iphoneos iphonesimulator";
				SUPPORTS_MACCATALYST = NO;
				SUPPORTS_MAC_DESIGNED_FOR_IPHONE_IPAD = NO;
				SUPPORTS_XR_DESIGNED_FOR_IPHONE_IPAD = NO;
				SWIFT_EMIT_LOC_STRINGS = YES;
				SWIFT_VERSION = 5.0;
				TARGETED_DEVICE_FAMILY = "1,2";
			};
			name = Debug;
		};
		213A466F2BF389CA008CAE19 /* Release */ = {
			isa = XCBuildConfiguration;
			buildSettings = {
				ASSETCATALOG_COMPILER_APPICON_NAME = AppIcon;
				ASSETCATALOG_COMPILER_GLOBAL_ACCENT_COLOR_NAME = AccentColor;
				CODE_SIGN_STYLE = Automatic;
				CURRENT_PROJECT_VERSION = 1;
				DEVELOPMENT_ASSET_PATHS = "\"GraphQLApp/Preview Content\"";
				DEVELOPMENT_TEAM = 4524FJSV52;
				ENABLE_PREVIEWS = YES;
				GENERATE_INFOPLIST_FILE = YES;
				INFOPLIST_KEY_UIApplicationSceneManifest_Generation = YES;
				INFOPLIST_KEY_UIApplicationSupportsIndirectInputEvents = YES;
				INFOPLIST_KEY_UILaunchScreen_Generation = YES;
				INFOPLIST_KEY_UISupportedInterfaceOrientations_iPad = "UIInterfaceOrientationPortrait UIInterfaceOrientationPortraitUpsideDown UIInterfaceOrientationLandscapeLeft UIInterfaceOrientationLandscapeRight";
				INFOPLIST_KEY_UISupportedInterfaceOrientations_iPhone = "UIInterfaceOrientationPortrait UIInterfaceOrientationLandscapeLeft UIInterfaceOrientationLandscapeRight";
				IPHONEOS_DEPLOYMENT_TARGET = 17.0;
				LD_RUNPATH_SEARCH_PATHS = (
					"$(inherited)",
					"@executable_path/Frameworks",
				);
				MARKETING_VERSION = 1.0;
				PRODUCT_BUNDLE_IDENTIFIER = ru.pashkov.GraphQLApp;
				PRODUCT_NAME = "$(TARGET_NAME)";
				SUPPORTED_PLATFORMS = "iphoneos iphonesimulator";
				SUPPORTS_MACCATALYST = NO;
				SUPPORTS_MAC_DESIGNED_FOR_IPHONE_IPAD = NO;
				SUPPORTS_XR_DESIGNED_FOR_IPHONE_IPAD = NO;
				SWIFT_EMIT_LOC_STRINGS = YES;
				SWIFT_VERSION = 5.0;
				TARGETED_DEVICE_FAMILY = "1,2";
			};
			name = Release;
		};
/* End XCBuildConfiguration section */

/* Begin XCConfigurationList section */
		213A465A2BF389C8008CAE19 /* Build configuration list for PBXProject "GraphQLApp" */ = {
			isa = XCConfigurationList;
			buildConfigurations = (
				213A466B2BF389CA008CAE19 /* Debug */,
				213A466C2BF389CA008CAE19 /* Release */,
			);
			defaultConfigurationIsVisible = 0;
			defaultConfigurationName = Release;
		};
		213A466D2BF389CA008CAE19 /* Build configuration list for PBXNativeTarget "GraphQLApp" */ = {
			isa = XCConfigurationList;
			buildConfigurations = (
				213A466E2BF389CA008CAE19 /* Debug */,
				213A466F2BF389CA008CAE19 /* Release */,
			);
			defaultConfigurationIsVisible = 0;
			defaultConfigurationName = Release;
		};
/* End XCConfigurationList section */

/* Begin XCRemoteSwiftPackageReference section */
		213A46702BF38AAF008CAE19 /* XCRemoteSwiftPackageReference "apollo-ios" */ = {
			isa = XCRemoteSwiftPackageReference;
			repositoryURL = "https://github.com/apollographql/apollo-ios.git";
			requirement = {
				kind = upToNextMajorVersion;
				minimumVersion = 1.10.0;
			};
		};
/* End XCRemoteSwiftPackageReference section */

/* Begin XCSwiftPackageProductDependency section */
		213A46712BF38AAF008CAE19 /* Apollo */ = {
			isa = XCSwiftPackageProductDependency;
			package = 213A46702BF38AAF008CAE19 /* XCRemoteSwiftPackageReference "apollo-ios" */;
			productName = Apollo;
		};
/* End XCSwiftPackageProductDependency section */
	};
	rootObject = 213A46572BF389C8008CAE19 /* Project object */;
}
